
Microsoft Visual Studio Solution File, Format Version 12.00
# Visual Studio Version 16
VisualStudioVersion = 16.0.29905.134
MinimumVisualStudioVersion = 10.0.40219.1
Project("{FAE04EC0-301F-11D3-BF4B-00C04F79EFBC}") = "DemoApplication", "DemoApplication\DemoApplication.csproj", "{36BBE65E-066A-4926-8FAC-399CFE370C9E}"
EndProject
Project("{FAE04EC0-301F-11D3-BF4B-00C04F79EFBC}") = "VamsiDemo", "VamsiDemo\VamsiDemo.csproj", "{C8ACCFBC-7DAA-49F0-8560-E2BDBDE2295D}"
EndProject
Global
	GlobalSection(SolutionConfigurationPlatforms) = preSolution
		Debug|Any CPU = Debug|Any CPU
		Release|Any CPU = Release|Any CPU
	EndGlobalSection
	GlobalSection(ProjectConfigurationPlatforms) = postSolution
		{36BBE65E-066A-4926-8FAC-399CFE370C9E}.Debug|Any CPU.ActiveCfg = Debug|Any CPU
		{36BBE65E-066A-4926-8FAC-399CFE370C9E}.Debug|Any CPU.Build.0 = Debug|Any CPU
		{36BBE65E-066A-4926-8FAC-399CFE370C9E}.Release|Any CPU.ActiveCfg = Release|Any CPU
		{36BBE65E-066A-4926-8FAC-399CFE370C9E}.Release|Any CPU.Build.0 = Release|Any CPU
		{C8ACCFBC-7DAA-49F0-8560-E2BDBDE2295D}.Debug|Any CPU.ActiveCfg = Debug|Any CPU
		{C8ACCFBC-7DAA-49F0-8560-E2BDBDE2295D}.Debug|Any CPU.Build.0 = Debug|Any CPU
		{C8ACCFBC-7DAA-49F0-8560-E2BDBDE2295D}.Release|Any CPU.ActiveCfg = Release|Any CPU
		{C8ACCFBC-7DAA-49F0-8560-E2BDBDE2295D}.Release|Any CPU.Build.0 = Release|Any CPU
	EndGlobalSection
	GlobalSection(SolutionProperties) = preSolution
		HideSolutionNode = FALSE
	EndGlobalSection
	GlobalSection(ExtensibilityGlobals) = postSolution
		SolutionGuid = {4540B223-4E9C-4D45-96D6-8DDF4D242419}
	EndGlobalSection
EndGlobal
